
Microsoft Visual Studio Solution File, Format Version 12.00
# Visual Studio Version 16
VisualStudioVersion = 16.0.29613.14
MinimumVisualStudioVersion = 10.0.40219.1
Project("{FAE04EC0-301F-11D3-BF4B-00C04F79EFBC}") = "SuperHeroProject", "SuperHeroProject\SuperHeroProject.csproj", "{82CDE469-1178-44E6-B912-C2880739956F}"
EndProject
Global
	GlobalSection(SolutionConfigurationPlatforms) = preSolution
		Debug|Any CPU = Debug|Any CPU
		Release|Any CPU = Release|Any CPU
	EndGlobalSection
	GlobalSection(ProjectConfigurationPlatforms) = postSolution
		{82CDE469-1178-44E6-B912-C2880739956F}.Debug|Any CPU.ActiveCfg = Debug|Any CPU
		{82CDE469-1178-44E6-B912-C2880739956F}.Debug|Any CPU.Build.0 = Debug|Any CPU
		{82CDE469-1178-44E6-B912-C2880739956F}.Release|Any CPU.ActiveCfg = Release|Any CPU
		{82CDE469-1178-44E6-B912-C2880739956F}.Release|Any CPU.Build.0 = Release|Any CPU
	EndGlobalSection
	GlobalSection(SolutionProperties) = preSolution
		HideSolutionNode = FALSE
	EndGlobalSection
	GlobalSection(ExtensibilityGlobals) = postSolution
		SolutionGuid = {25E041EC-25E0-4A87-A5E4-120AA250E448}
	EndGlobalSection
EndGlobal
